# This file was autogenerated by Stack.
# You should not edit this file by hand.
# For more information, please see the documentation at:
#   https://docs.haskellstack.org/en/stable/lock_files

snapshots:
- original:
    url: https://raw.githubusercontent.com/commercialhaskell/stackage-snapshots/master/lts/18/0.yaml
  completed:
    url: https://raw.githubusercontent.com/commercialhaskell/stackage-snapshots/master/lts/18/0.yaml
    sha256: c632012da648385b9fa3c29f4e0afd56ead299f1c5528ee789058be410e883c0
    size: 585393
packages:
- original:
    hackage: network-3.1.2.5@sha256:433a5e076aaa8eb3e4158abae78fb409c6bd754e9af99bc2e87583d2bcd8404a,4888
  completed:
    pantry-tree:
      sha256: 957e4dbb988f47164c821807297a6020c1108cd3265582ac2aa9292708cb62c9
      size: 3971
    hackage: network-3.1.2.5@sha256:433a5e076aaa8eb3e4158abae78fb409c6bd754e9af99bc2e87583d2bcd8404a,4888
